// !$*UTF8*$!
{
	archiveVersion = 1;
	classes = {
	};
	objectVersion = 46;
	objects = {

/* Begin PBXBuildFile section */
		B907088D1CB0A8A100DF47BD /* PepperDogFetch.h in Headers */ = {isa = PBXBuildFile; fileRef = B907088C1CB0A8A100DF47BD /* PepperDogFetch.h */; settings = {ATTRIBUTES = (Public, ); }; };
		B90708941CB0A8A100DF47BD /* PepperDogFetch.framework in Frameworks */ = {isa = PBXBuildFile; fileRef = B90708891CB0A8A100DF47BD /* PepperDogFetch.framework */; };
		B90708991CB0A8A100DF47BD /* PepperDogFetchTests.swift in Sources */ = {isa = PBXBuildFile; fileRef = B90708981CB0A8A100DF47BD /* PepperDogFetchTests.swift */; };
		B918E71F1EDA6008004A47D7 /* PGType.swift in Sources */ = {isa = PBXBuildFile; fileRef = B918E71E1EDA6008004A47D7 /* PGType.swift */; };
		B944CD981E66ADEA0034AFEA /* XCGLogger.framework in Frameworks */ = {isa = PBXBuildFile; fileRef = B9B66DF91E57C44D004F5894 /* XCGLogger.framework */; };
		B96FAF841CB0B7B0001502CB /* Table.swift in Sources */ = {isa = PBXBuildFile; fileRef = B96FAF831CB0B7B0001502CB /* Table.swift */; };
		B96FAF861CB0B7C3001502CB /* Column.swift in Sources */ = {isa = PBXBuildFile; fileRef = B96FAF851CB0B7C3001502CB /* Column.swift */; };
		B96FAF881CB0B7E9001502CB /* Constraint.swift in Sources */ = {isa = PBXBuildFile; fileRef = B96FAF871CB0B7E9001502CB /* Constraint.swift */; };
		B9A336A41D20CFD800D64B25 /* ResultSet.swift in Sources */ = {isa = PBXBuildFile; fileRef = B9A336A21D20CFD800D64B25 /* ResultSet.swift */; };
		B9A336A51D20CFD800D64B25 /* ResultSetIterator.swift in Sources */ = {isa = PBXBuildFile; fileRef = B9A336A31D20CFD800D64B25 /* ResultSetIterator.swift */; };
		B9A336B11D20D07800D64B25 /* PostgreSQLConnection.swift in Sources */ = {isa = PBXBuildFile; fileRef = B9A336AE1D20D07800D64B25 /* PostgreSQLConnection.swift */; };
		B9A336B21D20D07800D64B25 /* PostgreSQLConnectionDictionary.swift in Sources */ = {isa = PBXBuildFile; fileRef = B9A336AF1D20D07800D64B25 /* PostgreSQLConnectionDictionary.swift */; };
		B9A336B31D20D07800D64B25 /* PostgreSQLDatabase.swift in Sources */ = {isa = PBXBuildFile; fileRef = B9A336B01D20D07800D64B25 /* PostgreSQLDatabase.swift */; };
		B9A336B81D20D08100D64B25 /* ConnectionPool.swift in Sources */ = {isa = PBXBuildFile; fileRef = B9A336B51D20D08100D64B25 /* ConnectionPool.swift */; };
		B9A336B91D20D08100D64B25 /* Database.swift in Sources */ = {isa = PBXBuildFile; fileRef = B9A336B61D20D08100D64B25 /* Database.swift */; };
		B9A336BA1D20D08100D64B25 /* DatabaseConnection.swift in Sources */ = {isa = PBXBuildFile; fileRef = B9A336B71D20D08100D64B25 /* DatabaseConnection.swift */; };
		B9A336F21D20D71700D64B25 /* PepperDogFetch.swift in Sources */ = {isa = PBXBuildFile; fileRef = B9A336F11D20D71700D64B25 /* PepperDogFetch.swift */; };
		B9A336F41D20D7C700D64B25 /* Row.swift in Sources */ = {isa = PBXBuildFile; fileRef = B9A336F31D20D7C700D64B25 /* Row.swift */; };
		B9A336F61D20D7F100D64B25 /* SQLConvertible.swift in Sources */ = {isa = PBXBuildFile; fileRef = B9A336F51D20D7F100D64B25 /* SQLConvertible.swift */; };
		B9A336F71D20D85000D64B25 /* hexdreamsCocoa.framework in Frameworks */ = {isa = PBXBuildFile; fileRef = B9A336E21D20D20A00D64B25 /* hexdreamsCocoa.framework */; };
		B9F7E74C1E66B5DD00B89B53 /* libpq.framework in Frameworks */ = {isa = PBXBuildFile; fileRef = B9F7E74B1E66B5DD00B89B53 /* libpq.framework */; };
		B9F804021ED0EF860058BE7F /* RowResultSet.swift in Sources */ = {isa = PBXBuildFile; fileRef = B9F804011ED0EF860058BE7F /* RowResultSet.swift */; };
/* End PBXBuildFile section */

/* Begin PBXContainerItemProxy section */
		B90708951CB0A8A100DF47BD /* PBXContainerItemProxy */ = {
			isa = PBXContainerItemProxy;
			containerPortal = B90708801CB0A8A100DF47BD /* Project object */;
			proxyType = 1;
			remoteGlobalIDString = B90708881CB0A8A100DF47BD;
			remoteInfo = PepperDogFetch;
		};
		B9A336E11D20D20A00D64B25 /* PBXContainerItemProxy */ = {
			isa = PBXContainerItemProxy;
			containerPortal = B9A336BB1D20D1AD00D64B25 /* hexdreamsCocoa.xcodeproj */;
			proxyType = 2;
			remoteGlobalIDString = B9218AEE1CC887A000A97389;
			remoteInfo = hexdreamsCocoa;
		};
		B9A336E31D20D20A00D64B25 /* PBXContainerItemProxy */ = {
			isa = PBXContainerItemProxy;
			containerPortal = B9A336BB1D20D1AD00D64B25 /* hexdreamsCocoa.xcodeproj */;
			proxyType = 2;
			remoteGlobalIDString = B9218AF81CC887A000A97389;
			remoteInfo = hexdreamsCocoaTests;
		};
		B9A336EA1D20D21100D64B25 /* PBXContainerItemProxy */ = {
			isa = PBXContainerItemProxy;
			containerPortal = B9A336BB1D20D1AD00D64B25 /* hexdreamsCocoa.xcodeproj */;
			proxyType = 1;
			remoteGlobalIDString = B9218AED1CC887A000A97389;
			remoteInfo = hexdreamsCocoa;
		};
		B9B66DF81E57C44D004F5894 /* PBXContainerItemProxy */ = {
			isa = PBXContainerItemProxy;
			containerPortal = B9A336C41D20D1CB00D64B25 /* XCGLogger.xcodeproj */;
			proxyType = 2;
			remoteGlobalIDString = 55E3EE4519D76F280068C3A7;
			remoteInfo = "XCGLogger (iOS)";
		};
		B9B66DFA1E57C44D004F5894 /* PBXContainerItemProxy */ = {
			isa = PBXContainerItemProxy;
			containerPortal = B9A336C41D20D1CB00D64B25 /* XCGLogger.xcodeproj */;
			proxyType = 2;
			remoteGlobalIDString = 554DF41719D76FE7005708BE;
			remoteInfo = "XCGLogger (OS X)";
		};
		B9B66DFC1E57C44D004F5894 /* PBXContainerItemProxy */ = {
			isa = PBXContainerItemProxy;
			containerPortal = B9A336C41D20D1CB00D64B25 /* XCGLogger.xcodeproj */;
			proxyType = 2;
			remoteGlobalIDString = 70CB94201B99E728007802FF;
			remoteInfo = "XCGLogger (watchOS)";
		};
		B9B66DFE1E57C44D004F5894 /* PBXContainerItemProxy */ = {
			isa = PBXContainerItemProxy;
			containerPortal = B9A336C41D20D1CB00D64B25 /* XCGLogger.xcodeproj */;
			proxyType = 2;
			remoteGlobalIDString = 5515A3DF1BA119FA0047BA31;
			remoteInfo = "XCGLogger (tvOS)";
		};
		B9B66E001E57C44D004F5894 /* PBXContainerItemProxy */ = {
			isa = PBXContainerItemProxy;
			containerPortal = B9A336C41D20D1CB00D64B25 /* XCGLogger.xcodeproj */;
			proxyType = 2;
			remoteGlobalIDString = 55E3EE5019D76F280068C3A7;
			remoteInfo = XCGLoggerTests_iOS;
		};
		B9B66E021E57C44D004F5894 /* PBXContainerItemProxy */ = {
			isa = PBXContainerItemProxy;
			containerPortal = B9A336C41D20D1CB00D64B25 /* XCGLogger.xcodeproj */;
			proxyType = 2;
			remoteGlobalIDString = 55BB1F011B79DC7500709779;
			remoteInfo = XCGLoggerTests_OSX;
		};
		B9B66E041E57C44D004F5894 /* PBXContainerItemProxy */ = {
			isa = PBXContainerItemProxy;
			containerPortal = B9A336C41D20D1CB00D64B25 /* XCGLogger.xcodeproj */;
			proxyType = 2;
			remoteGlobalIDString = 558EEB851D6BAC61006A9C7A;
			remoteInfo = XCGLoggerTests_watchOS;
		};
		B9B66E061E57C44D004F5894 /* PBXContainerItemProxy */ = {
			isa = PBXContainerItemProxy;
			containerPortal = B9A336C41D20D1CB00D64B25 /* XCGLogger.xcodeproj */;
			proxyType = 2;
			remoteGlobalIDString = 558EEB921D6BAC66006A9C7A;
			remoteInfo = XCGLoggerTests_tvOS;
		};
		B9B66E081E57C49F004F5894 /* PBXContainerItemProxy */ = {
			isa = PBXContainerItemProxy;
			containerPortal = B9A336C41D20D1CB00D64B25 /* XCGLogger.xcodeproj */;
			proxyType = 1;
			remoteGlobalIDString = 55E3EE4419D76F280068C3A7;
			remoteInfo = "XCGLogger (iOS)";
		};
/* End PBXContainerItemProxy section */

/* Begin PBXFileReference section */
		B90708891CB0A8A100DF47BD /* PepperDogFetch.framework */ = {isa = PBXFileReference; explicitFileType = wrapper.framework; includeInIndex = 0; path = PepperDogFetch.framework; sourceTree = BUILT_PRODUCTS_DIR; };
		B907088C1CB0A8A100DF47BD /* PepperDogFetch.h */ = {isa = PBXFileReference; lastKnownFileType = sourcecode.c.h; path = PepperDogFetch.h; sourceTree = "<group>"; };
		B907088E1CB0A8A100DF47BD /* Info.plist */ = {isa = PBXFileReference; lastKnownFileType = text.plist.xml; path = Info.plist; sourceTree = "<group>"; };
		B90708931CB0A8A100DF47BD /* PepperDogFetchTests.xctest */ = {isa = PBXFileReference; explicitFileType = wrapper.cfbundle; includeInIndex = 0; path = PepperDogFetchTests.xctest; sourceTree = BUILT_PRODUCTS_DIR; };
		B90708981CB0A8A100DF47BD /* PepperDogFetchTests.swift */ = {isa = PBXFileReference; lastKnownFileType = sourcecode.swift; path = PepperDogFetchTests.swift; sourceTree = "<group>"; };
		B907089A1CB0A8A100DF47BD /* Info.plist */ = {isa = PBXFileReference; lastKnownFileType = text.plist.xml; path = Info.plist; sourceTree = "<group>"; };
		B918E71E1EDA6008004A47D7 /* PGType.swift */ = {isa = PBXFileReference; fileEncoding = 4; lastKnownFileType = sourcecode.swift; path = PGType.swift; sourceTree = "<group>"; };
		B944CD991E66AE110034AFEA /* libpq.framework */ = {isa = PBXFileReference; lastKnownFileType = wrapper.framework; name = libpq.framework; path = "../../../build/PepperDogFetch-esuqrverwjrarebailkxzerpnzax/Build/Products/Debug-iphoneos/libpq.framework"; sourceTree = "<group>"; };
		B96FAF831CB0B7B0001502CB /* Table.swift */ = {isa = PBXFileReference; fileEncoding = 4; lastKnownFileType = sourcecode.swift; path = Table.swift; sourceTree = "<group>"; };
		B96FAF851CB0B7C3001502CB /* Column.swift */ = {isa = PBXFileReference; fileEncoding = 4; lastKnownFileType = sourcecode.swift; path = Column.swift; sourceTree = "<group>"; };
		B96FAF871CB0B7E9001502CB /* Constraint.swift */ = {isa = PBXFileReference; fileEncoding = 4; lastKnownFileType = sourcecode.swift; path = Constraint.swift; sourceTree = "<group>"; };
		B9A336A21D20CFD800D64B25 /* ResultSet.swift */ = {isa = PBXFileReference; fileEncoding = 4; lastKnownFileType = sourcecode.swift; path = ResultSet.swift; sourceTree = "<group>"; };
		B9A336A31D20CFD800D64B25 /* ResultSetIterator.swift */ = {isa = PBXFileReference; fileEncoding = 4; lastKnownFileType = sourcecode.swift; path = ResultSetIterator.swift; sourceTree = "<group>"; };
		B9A336AE1D20D07800D64B25 /* PostgreSQLConnection.swift */ = {isa = PBXFileReference; fileEncoding = 4; lastKnownFileType = sourcecode.swift; path = PostgreSQLConnection.swift; sourceTree = "<group>"; };
		B9A336AF1D20D07800D64B25 /* PostgreSQLConnectionDictionary.swift */ = {isa = PBXFileReference; fileEncoding = 4; lastKnownFileType = sourcecode.swift; path = PostgreSQLConnectionDictionary.swift; sourceTree = "<group>"; };
		B9A336B01D20D07800D64B25 /* PostgreSQLDatabase.swift */ = {isa = PBXFileReference; fileEncoding = 4; lastKnownFileType = sourcecode.swift; path = PostgreSQLDatabase.swift; sourceTree = "<group>"; };
		B9A336B51D20D08100D64B25 /* ConnectionPool.swift */ = {isa = PBXFileReference; fileEncoding = 4; lastKnownFileType = sourcecode.swift; path = ConnectionPool.swift; sourceTree = "<group>"; };
		B9A336B61D20D08100D64B25 /* Database.swift */ = {isa = PBXFileReference; fileEncoding = 4; lastKnownFileType = sourcecode.swift; path = Database.swift; sourceTree = "<group>"; };
		B9A336B71D20D08100D64B25 /* DatabaseConnection.swift */ = {isa = PBXFileReference; fileEncoding = 4; lastKnownFileType = sourcecode.swift; path = DatabaseConnection.swift; sourceTree = "<group>"; };
		B9A336BB1D20D1AD00D64B25 /* hexdreamsCocoa.xcodeproj */ = {isa = PBXFileReference; lastKnownFileType = "wrapper.pb-project"; name = hexdreamsCocoa.xcodeproj; path = ../Submodules/hexdreamsCocoa/iOSProject/hexdreamsCocoa.xcodeproj; sourceTree = SOURCE_ROOT; };
		B9A336C41D20D1CB00D64B25 /* XCGLogger.xcodeproj */ = {isa = PBXFileReference; lastKnownFileType = "wrapper.pb-project"; name = XCGLogger.xcodeproj; path = ../Submodules/XCGLogger/Sources/XCGLogger.xcodeproj; sourceTree = "<group>"; };
		B9A336F11D20D71700D64B25 /* PepperDogFetch.swift */ = {isa = PBXFileReference; fileEncoding = 4; lastKnownFileType = sourcecode.swift; path = PepperDogFetch.swift; sourceTree = "<group>"; };
		B9A336F31D20D7C700D64B25 /* Row.swift */ = {isa = PBXFileReference; fileEncoding = 4; lastKnownFileType = sourcecode.swift; path = Row.swift; sourceTree = "<group>"; };
		B9A336F51D20D7F100D64B25 /* SQLConvertible.swift */ = {isa = PBXFileReference; fileEncoding = 4; lastKnownFileType = sourcecode.swift; path = SQLConvertible.swift; sourceTree = "<group>"; };
		B9F7E74B1E66B5DD00B89B53 /* libpq.framework */ = {isa = PBXFileReference; lastKnownFileType = wrapper.framework; path = libpq.framework; sourceTree = "<group>"; };
		B9F804011ED0EF860058BE7F /* RowResultSet.swift */ = {isa = PBXFileReference; fileEncoding = 4; lastKnownFileType = sourcecode.swift; path = RowResultSet.swift; sourceTree = "<group>"; };
		B9F844B51D663F800090F833 /* CoreData.framework */ = {isa = PBXFileReference; lastKnownFileType = wrapper.framework; name = CoreData.framework; path = System/Library/Frameworks/CoreData.framework; sourceTree = SDKROOT; };
/* End PBXFileReference section */

/* Begin PBXFrameworksBuildPhase section */
		B90708851CB0A8A100DF47BD /* Frameworks */ = {
			isa = PBXFrameworksBuildPhase;
			buildActionMask = 2147483647;
			files = (
				B944CD981E66ADEA0034AFEA /* XCGLogger.framework in Frameworks */,
				B9F7E74C1E66B5DD00B89B53 /* libpq.framework in Frameworks */,
				B9A336F71D20D85000D64B25 /* hexdreamsCocoa.framework in Frameworks */,
			);
			runOnlyForDeploymentPostprocessing = 0;
		};
		B90708901CB0A8A100DF47BD /* Frameworks */ = {
			isa = PBXFrameworksBuildPhase;
			buildActionMask = 2147483647;
			files = (
				B90708941CB0A8A100DF47BD /* PepperDogFetch.framework in Frameworks */,
			);
			runOnlyForDeploymentPostprocessing = 0;
		};
/* End PBXFrameworksBuildPhase section */

/* Begin PBXGroup section */
		B907087F1CB0A8A100DF47BD = {
			isa = PBXGroup;
			children = (
				B96FAF7D1CB0B741001502CB /* PepperDogFetch */,
				B907088B1CB0A8A100DF47BD /* PepperDogFetch */,
				B90708971CB0A8A100DF47BD /* PepperDogFetchTests */,
				B9A336D91D20D1D200D64B25 /* Submodules */,
				B9A336EE1D20D28700D64B25 /* ThirdParty */,
				B907088A1CB0A8A100DF47BD /* Products */,
				B9F844B41D663F800090F833 /* Frameworks */,
			);
			sourceTree = "<group>";
		};
		B907088A1CB0A8A100DF47BD /* Products */ = {
			isa = PBXGroup;
			children = (
				B90708891CB0A8A100DF47BD /* PepperDogFetch.framework */,
				B90708931CB0A8A100DF47BD /* PepperDogFetchTests.xctest */,
			);
			name = Products;
			sourceTree = "<group>";
		};
		B907088B1CB0A8A100DF47BD /* PepperDogFetch */ = {
			isa = PBXGroup;
			children = (
				B907088C1CB0A8A100DF47BD /* PepperDogFetch.h */,
				B907088E1CB0A8A100DF47BD /* Info.plist */,
			);
			path = PepperDogFetch;
			sourceTree = "<group>";
		};
		B90708971CB0A8A100DF47BD /* PepperDogFetchTests */ = {
			isa = PBXGroup;
			children = (
				B90708981CB0A8A100DF47BD /* PepperDogFetchTests.swift */,
				B907089A1CB0A8A100DF47BD /* Info.plist */,
			);
			path = PepperDogFetchTests;
			sourceTree = "<group>";
		};
		B96FAF7D1CB0B741001502CB /* PepperDogFetch */ = {
			isa = PBXGroup;
			children = (
				B9A336F11D20D71700D64B25 /* PepperDogFetch.swift */,
				B96FAF801CB0B741001502CB /* ObjectLayer */,
				B96FAF7F1CB0B741001502CB /* MappingLayer */,
				B96FAF821CB0B741001502CB /* RelationalLayer */,
				B9A336B41D20D08100D64B25 /* DatabaseLayer */,
				B9A336AD1D20D07800D64B25 /* PostgreSQLDatabase */,
			);
			name = PepperDogFetch;
			path = ../PepperDogFetch;
			sourceTree = "<group>";
		};
		B96FAF7F1CB0B741001502CB /* MappingLayer */ = {
			isa = PBXGroup;
			children = (
			);
			path = MappingLayer;
			sourceTree = "<group>";
		};
		B96FAF801CB0B741001502CB /* ObjectLayer */ = {
			isa = PBXGroup;
			children = (
			);
			path = ObjectLayer;
			sourceTree = "<group>";
		};
		B96FAF821CB0B741001502CB /* RelationalLayer */ = {
			isa = PBXGroup;
			children = (
				B9A336A21D20CFD800D64B25 /* ResultSet.swift */,
				B9F804011ED0EF860058BE7F /* RowResultSet.swift */,
				B9A336A31D20CFD800D64B25 /* ResultSetIterator.swift */,
				B96FAF831CB0B7B0001502CB /* Table.swift */,
				B96FAF851CB0B7C3001502CB /* Column.swift */,
				B96FAF871CB0B7E9001502CB /* Constraint.swift */,
				B9A336F31D20D7C700D64B25 /* Row.swift */,
				B9A336F51D20D7F100D64B25 /* SQLConvertible.swift */,
			);
			path = RelationalLayer;
			sourceTree = "<group>";
		};
		B9A336AD1D20D07800D64B25 /* PostgreSQLDatabase */ = {
			isa = PBXGroup;
			children = (
				B9A336AE1D20D07800D64B25 /* PostgreSQLConnection.swift */,
				B9A336AF1D20D07800D64B25 /* PostgreSQLConnectionDictionary.swift */,
				B9A336B01D20D07800D64B25 /* PostgreSQLDatabase.swift */,
				B918E71E1EDA6008004A47D7 /* PGType.swift */,
			);
			path = PostgreSQLDatabase;
			sourceTree = "<group>";
		};
		B9A336B41D20D08100D64B25 /* DatabaseLayer */ = {
			isa = PBXGroup;
			children = (
				B9A336B51D20D08100D64B25 /* ConnectionPool.swift */,
				B9A336B61D20D08100D64B25 /* Database.swift */,
				B9A336B71D20D08100D64B25 /* DatabaseConnection.swift */,
			);
			path = DatabaseLayer;
			sourceTree = "<group>";
		};
		B9A336D91D20D1D200D64B25 /* Submodules */ = {
			isa = PBXGroup;
			children = (
				B9A336C41D20D1CB00D64B25 /* XCGLogger.xcodeproj */,
				B9A336BB1D20D1AD00D64B25 /* hexdreamsCocoa.xcodeproj */,
			);
			name = Submodules;
			sourceTree = "<group>";
		};
		B9A336DD1D20D20900D64B25 /* Products */ = {
			isa = PBXGroup;
			children = (
				B9A336E21D20D20A00D64B25 /* hexdreamsCocoa.framework */,
				B9A336E41D20D20A00D64B25 /* hexdreamsCocoaTests.xctest */,
			);
			name = Products;
			sourceTree = "<group>";
		};
		B9A336EE1D20D28700D64B25 /* ThirdParty */ = {
			isa = PBXGroup;
			children = (
				B9F7E74B1E66B5DD00B89B53 /* libpq.framework */,
			);
			name = ThirdParty;
			path = ../ThirdParty;
			sourceTree = "<group>";
		};
		B9B66DEE1E57C44D004F5894 /* Products */ = {
			isa = PBXGroup;
			children = (
				B9B66DF91E57C44D004F5894 /* XCGLogger.framework */,
				B9B66DFB1E57C44D004F5894 /* XCGLogger.framework */,
				B9B66DFD1E57C44D004F5894 /* XCGLogger.framework */,
				B9B66DFF1E57C44D004F5894 /* XCGLogger.framework */,
				B9B66E011E57C44D004F5894 /* XCGLoggerTests_iOS.xctest */,
				B9B66E031E57C44D004F5894 /* XCGLoggerTests (OS X).xctest */,
				B9B66E051E57C44D004F5894 /* XCGLoggerTests_watchOS.xctest */,
				B9B66E071E57C44D004F5894 /* XCGLoggerTests_tvOS.xctest */,
			);
			name = Products;
			sourceTree = "<group>";
		};
		B9F844B41D663F800090F833 /* Frameworks */ = {
			isa = PBXGroup;
			children = (
				B944CD991E66AE110034AFEA /* libpq.framework */,
				B9F844B51D663F800090F833 /* CoreData.framework */,
			);
			name = Frameworks;
			sourceTree = "<group>";
		};
/* End PBXGroup section */

/* Begin PBXHeadersBuildPhase section */
		B90708861CB0A8A100DF47BD /* Headers */ = {
			isa = PBXHeadersBuildPhase;
			buildActionMask = 2147483647;
			files = (
				B907088D1CB0A8A100DF47BD /* PepperDogFetch.h in Headers */,
			);
			runOnlyForDeploymentPostprocessing = 0;
		};
/* End PBXHeadersBuildPhase section */

/* Begin PBXNativeTarget section */
		B90708881CB0A8A100DF47BD /* PepperDogFetch */ = {
			isa = PBXNativeTarget;
			buildConfigurationList = B907089D1CB0A8A100DF47BD /* Build configuration list for PBXNativeTarget "PepperDogFetch" */;
			buildPhases = (
				B90708841CB0A8A100DF47BD /* Sources */,
				B90708851CB0A8A100DF47BD /* Frameworks */,
				B90708861CB0A8A100DF47BD /* Headers */,
				B90708871CB0A8A100DF47BD /* Resources */,
			);
			buildRules = (
			);
			dependencies = (
				B9B66E091E57C49F004F5894 /* PBXTargetDependency */,
				B9A336EB1D20D21100D64B25 /* PBXTargetDependency */,
			);
			name = PepperDogFetch;
			productName = PepperDogFetch;
			productReference = B90708891CB0A8A100DF47BD /* PepperDogFetch.framework */;
			productType = "com.apple.product-type.framework";
		};
		B90708921CB0A8A100DF47BD /* PepperDogFetchTests */ = {
			isa = PBXNativeTarget;
			buildConfigurationList = B90708A01CB0A8A100DF47BD /* Build configuration list for PBXNativeTarget "PepperDogFetchTests" */;
			buildPhases = (
				B907088F1CB0A8A100DF47BD /* Sources */,
				B90708901CB0A8A100DF47BD /* Frameworks */,
				B90708911CB0A8A100DF47BD /* Resources */,
			);
			buildRules = (
			);
			dependencies = (
				B90708961CB0A8A100DF47BD /* PBXTargetDependency */,
			);
			name = PepperDogFetchTests;
			productName = PepperDogFetchTests;
			productReference = B90708931CB0A8A100DF47BD /* PepperDogFetchTests.xctest */;
			productType = "com.apple.product-type.bundle.unit-test";
		};
/* End PBXNativeTarget section */

/* Begin PBXProject section */
		B90708801CB0A8A100DF47BD /* Project object */ = {
			isa = PBXProject;
			attributes = {
				LastSwiftUpdateCheck = 0730;
				LastUpgradeCheck = 0900;
				ORGANIZATIONNAME = "Kenny Leung";
				TargetAttributes = {
					B90708881CB0A8A100DF47BD = {
						CreatedOnToolsVersion = 7.3;
						LastSwiftMigration = 0900;
					};
					B90708921CB0A8A100DF47BD = {
						CreatedOnToolsVersion = 7.3;
						LastSwiftMigration = 0900;
					};
				};
			};
			buildConfigurationList = B90708831CB0A8A100DF47BD /* Build configuration list for PBXProject "PepperDogFetch" */;
			compatibilityVersion = "Xcode 3.2";
			developmentRegion = English;
			hasScannedForEncodings = 0;
			knownRegions = (
				en,
			);
			mainGroup = B907087F1CB0A8A100DF47BD;
			productRefGroup = B907088A1CB0A8A100DF47BD /* Products */;
			projectDirPath = "";
			projectReferences = (
				{
					ProductGroup = B9A336DD1D20D20900D64B25 /* Products */;
					ProjectRef = B9A336BB1D20D1AD00D64B25 /* hexdreamsCocoa.xcodeproj */;
				},
				{
					ProductGroup = B9B66DEE1E57C44D004F5894 /* Products */;
					ProjectRef = B9A336C41D20D1CB00D64B25 /* XCGLogger.xcodeproj */;
				},
			);
			projectRoot = "";
			targets = (
				B90708881CB0A8A100DF47BD /* PepperDogFetch */,
				B90708921CB0A8A100DF47BD /* PepperDogFetchTests */,
			);
		};
/* End PBXProject section */

/* Begin PBXReferenceProxy section */
		B9A336E21D20D20A00D64B25 /* hexdreamsCocoa.framework */ = {
			isa = PBXReferenceProxy;
			fileType = wrapper.framework;
			path = hexdreamsCocoa.framework;
			remoteRef = B9A336E11D20D20A00D64B25 /* PBXContainerItemProxy */;
			sourceTree = BUILT_PRODUCTS_DIR;
		};
		B9A336E41D20D20A00D64B25 /* hexdreamsCocoaTests.xctest */ = {
			isa = PBXReferenceProxy;
			fileType = wrapper.cfbundle;
			path = hexdreamsCocoaTests.xctest;
			remoteRef = B9A336E31D20D20A00D64B25 /* PBXContainerItemProxy */;
			sourceTree = BUILT_PRODUCTS_DIR;
		};
		B9B66DF91E57C44D004F5894 /* XCGLogger.framework */ = {
			isa = PBXReferenceProxy;
			fileType = wrapper.framework;
			path = XCGLogger.framework;
			remoteRef = B9B66DF81E57C44D004F5894 /* PBXContainerItemProxy */;
			sourceTree = BUILT_PRODUCTS_DIR;
		};
		B9B66DFB1E57C44D004F5894 /* XCGLogger.framework */ = {
			isa = PBXReferenceProxy;
			fileType = wrapper.framework;
			path = XCGLogger.framework;
			remoteRef = B9B66DFA1E57C44D004F5894 /* PBXContainerItemProxy */;
			sourceTree = BUILT_PRODUCTS_DIR;
		};
		B9B66DFD1E57C44D004F5894 /* XCGLogger.framework */ = {
			isa = PBXReferenceProxy;
			fileType = wrapper.framework;
			path = XCGLogger.framework;
			remoteRef = B9B66DFC1E57C44D004F5894 /* PBXContainerItemProxy */;
			sourceTree = BUILT_PRODUCTS_DIR;
		};
		B9B66DFF1E57C44D004F5894 /* XCGLogger.framework */ = {
			isa = PBXReferenceProxy;
			fileType = wrapper.framework;
			path = XCGLogger.framework;
			remoteRef = B9B66DFE1E57C44D004F5894 /* PBXContainerItemProxy */;
			sourceTree = BUILT_PRODUCTS_DIR;
		};
		B9B66E011E57C44D004F5894 /* XCGLoggerTests_iOS.xctest */ = {
			isa = PBXReferenceProxy;
			fileType = wrapper.cfbundle;
			path = XCGLoggerTests_iOS.xctest;
			remoteRef = B9B66E001E57C44D004F5894 /* PBXContainerItemProxy */;
			sourceTree = BUILT_PRODUCTS_DIR;
		};
		B9B66E031E57C44D004F5894 /* XCGLoggerTests (OS X).xctest */ = {
			isa = PBXReferenceProxy;
			fileType = wrapper.cfbundle;
			path = "XCGLoggerTests (OS X).xctest";
			remoteRef = B9B66E021E57C44D004F5894 /* PBXContainerItemProxy */;
			sourceTree = BUILT_PRODUCTS_DIR;
		};
		B9B66E051E57C44D004F5894 /* XCGLoggerTests_watchOS.xctest */ = {
			isa = PBXReferenceProxy;
			fileType = wrapper.cfbundle;
			path = XCGLoggerTests_watchOS.xctest;
			remoteRef = B9B66E041E57C44D004F5894 /* PBXContainerItemProxy */;
			sourceTree = BUILT_PRODUCTS_DIR;
		};
		B9B66E071E57C44D004F5894 /* XCGLoggerTests_tvOS.xctest */ = {
			isa = PBXReferenceProxy;
			fileType = wrapper.cfbundle;
			path = XCGLoggerTests_tvOS.xctest;
			remoteRef = B9B66E061E57C44D004F5894 /* PBXContainerItemProxy */;
			sourceTree = BUILT_PRODUCTS_DIR;
		};
/* End PBXReferenceProxy section */

/* Begin PBXResourcesBuildPhase section */
		B90708871CB0A8A100DF47BD /* Resources */ = {
			isa = PBXResourcesBuildPhase;
			buildActionMask = 2147483647;
			files = (
			);
			runOnlyForDeploymentPostprocessing = 0;
		};
		B90708911CB0A8A100DF47BD /* Resources */ = {
			isa = PBXResourcesBuildPhase;
			buildActionMask = 2147483647;
			files = (
			);
			runOnlyForDeploymentPostprocessing = 0;
		};
/* End PBXResourcesBuildPhase section */

/* Begin PBXSourcesBuildPhase section */
		B90708841CB0A8A100DF47BD /* Sources */ = {
			isa = PBXSourcesBuildPhase;
			buildActionMask = 2147483647;
			files = (
				B918E71F1EDA6008004A47D7 /* PGType.swift in Sources */,
				B9A336B81D20D08100D64B25 /* ConnectionPool.swift in Sources */,
				B9F804021ED0EF860058BE7F /* RowResultSet.swift in Sources */,
				B96FAF841CB0B7B0001502CB /* Table.swift in Sources */,
				B9A336A41D20CFD800D64B25 /* ResultSet.swift in Sources */,
				B9A336F41D20D7C700D64B25 /* Row.swift in Sources */,
				B9A336A51D20CFD800D64B25 /* ResultSetIterator.swift in Sources */,
				B9A336B21D20D07800D64B25 /* PostgreSQLConnectionDictionary.swift in Sources */,
				B9A336B31D20D07800D64B25 /* PostgreSQLDatabase.swift in Sources */,
				B9A336BA1D20D08100D64B25 /* DatabaseConnection.swift in Sources */,
				B9A336F61D20D7F100D64B25 /* SQLConvertible.swift in Sources */,
				B9A336F21D20D71700D64B25 /* PepperDogFetch.swift in Sources */,
				B96FAF861CB0B7C3001502CB /* Column.swift in Sources */,
				B96FAF881CB0B7E9001502CB /* Constraint.swift in Sources */,
				B9A336B91D20D08100D64B25 /* Database.swift in Sources */,
				B9A336B11D20D07800D64B25 /* PostgreSQLConnection.swift in Sources */,
			);
			runOnlyForDeploymentPostprocessing = 0;
		};
		B907088F1CB0A8A100DF47BD /* Sources */ = {
			isa = PBXSourcesBuildPhase;
			buildActionMask = 2147483647;
			files = (
				B90708991CB0A8A100DF47BD /* PepperDogFetchTests.swift in Sources */,
			);
			runOnlyForDeploymentPostprocessing = 0;
		};
/* End PBXSourcesBuildPhase section */

/* Begin PBXTargetDependency section */
		B90708961CB0A8A100DF47BD /* PBXTargetDependency */ = {
			isa = PBXTargetDependency;
			target = B90708881CB0A8A100DF47BD /* PepperDogFetch */;
			targetProxy = B90708951CB0A8A100DF47BD /* PBXContainerItemProxy */;
		};
		B9A336EB1D20D21100D64B25 /* PBXTargetDependency */ = {
			isa = PBXTargetDependency;
			name = hexdreamsCocoa;
			targetProxy = B9A336EA1D20D21100D64B25 /* PBXContainerItemProxy */;
		};
		B9B66E091E57C49F004F5894 /* PBXTargetDependency */ = {
			isa = PBXTargetDependency;
			name = "XCGLogger (iOS)";
			targetProxy = B9B66E081E57C49F004F5894 /* PBXContainerItemProxy */;
		};
/* End PBXTargetDependency section */

/* Begin XCBuildConfiguration section */
		B907089B1CB0A8A100DF47BD /* Debug */ = {
			isa = XCBuildConfiguration;
			buildSettings = {
				ALWAYS_SEARCH_USER_PATHS = NO;
				CLANG_ANALYZER_NONNULL = YES;
				CLANG_CXX_LANGUAGE_STANDARD = "gnu++0x";
				CLANG_CXX_LIBRARY = "libc++";
				CLANG_ENABLE_MODULES = YES;
				CLANG_ENABLE_OBJC_ARC = YES;
				CLANG_WARN_BLOCK_CAPTURE_AUTORELEASING = YES;
				CLANG_WARN_BOOL_CONVERSION = YES;
				CLANG_WARN_COMMA = YES;
				CLANG_WARN_CONSTANT_CONVERSION = YES;
				CLANG_WARN_DIRECT_OBJC_ISA_USAGE = YES_ERROR;
				CLANG_WARN_EMPTY_BODY = YES;
				CLANG_WARN_ENUM_CONVERSION = YES;
				CLANG_WARN_INFINITE_RECURSION = YES;
				CLANG_WARN_INT_CONVERSION = YES;
				CLANG_WARN_NON_LITERAL_NULL_CONVERSION = YES;
				CLANG_WARN_OBJC_LITERAL_CONVERSION = YES;
				CLANG_WARN_OBJC_ROOT_CLASS = YES_ERROR;
				CLANG_WARN_RANGE_LOOP_ANALYSIS = YES;
				CLANG_WARN_STRICT_PROTOTYPES = YES;
				CLANG_WARN_SUSPICIOUS_MOVE = YES;
				CLANG_WARN_UNREACHABLE_CODE = YES;
				CLANG_WARN__DUPLICATE_METHOD_MATCH = YES;
				"CODE_SIGN_IDENTITY[sdk=iphoneos*]" = "iPhone Developer";
				COPY_PHASE_STRIP = NO;
				CURRENT_PROJECT_VERSION = 1;
				DEBUG_INFORMATION_FORMAT = dwarf;
				ENABLE_STRICT_OBJC_MSGSEND = YES;
				ENABLE_TESTABILITY = YES;
				FRAMEWORK_SEARCH_PATHS = "$(SRCROOT)/../ThirdParty";
				GCC_C_LANGUAGE_STANDARD = gnu99;
				GCC_DYNAMIC_NO_PIC = NO;
				GCC_NO_COMMON_BLOCKS = YES;
				GCC_OPTIMIZATION_LEVEL = 0;
				GCC_PREPROCESSOR_DEFINITIONS = (
					"DEBUG=1",
					"$(inherited)",
				);
				GCC_WARN_64_TO_32_BIT_CONVERSION = YES;
				GCC_WARN_ABOUT_RETURN_TYPE = YES_ERROR;
				GCC_WARN_UNDECLARED_SELECTOR = YES;
				GCC_WARN_UNINITIALIZED_AUTOS = YES_AGGRESSIVE;
				GCC_WARN_UNUSED_FUNCTION = YES;
				GCC_WARN_UNUSED_VARIABLE = YES;
				IPHONEOS_DEPLOYMENT_TARGET = 10.0;
				MTL_ENABLE_DEBUG_INFO = YES;
				ONLY_ACTIVE_ARCH = YES;
				SDKROOT = iphoneos;
				SWIFT_OPTIMIZATION_LEVEL = "-Onone";
				TARGETED_DEVICE_FAMILY = "1,2";
				VERSIONING_SYSTEM = "apple-generic";
				VERSION_INFO_PREFIX = "";
			};
			name = Debug;
		};
		B907089C1CB0A8A100DF47BD /* Release */ = {
			isa = XCBuildConfiguration;
			buildSettings = {
				ALWAYS_SEARCH_USER_PATHS = NO;
				CLANG_ANALYZER_NONNULL = YES;
				CLANG_CXX_LANGUAGE_STANDARD = "gnu++0x";
				CLANG_CXX_LIBRARY = "libc++";
				CLANG_ENABLE_MODULES = YES;
				CLANG_ENABLE_OBJC_ARC = YES;
				CLANG_WARN_BLOCK_CAPTURE_AUTORELEASING = YES;
				CLANG_WARN_BOOL_CONVERSION = YES;
				CLANG_WARN_COMMA = YES;
				CLANG_WARN_CONSTANT_CONVERSION = YES;
				CLANG_WARN_DIRECT_OBJC_ISA_USAGE = YES_ERROR;
				CLANG_WARN_EMPTY_BODY = YES;
				CLANG_WARN_ENUM_CONVERSION = YES;
				CLANG_WARN_INFINITE_RECURSION = YES;
				CLANG_WARN_INT_CONVERSION = YES;
				CLANG_WARN_NON_LITERAL_NULL_CONVERSION = YES;
				CLANG_WARN_OBJC_LITERAL_CONVERSION = YES;
				CLANG_WARN_OBJC_ROOT_CLASS = YES_ERROR;
				CLANG_WARN_RANGE_LOOP_ANALYSIS = YES;
				CLANG_WARN_STRICT_PROTOTYPES = YES;
				CLANG_WARN_SUSPICIOUS_MOVE = YES;
				CLANG_WARN_UNREACHABLE_CODE = YES;
				CLANG_WARN__DUPLICATE_METHOD_MATCH = YES;
				"CODE_SIGN_IDENTITY[sdk=iphoneos*]" = "iPhone Developer";
				COPY_PHASE_STRIP = NO;
				CURRENT_PROJECT_VERSION = 1;
				DEBUG_INFORMATION_FORMAT = "dwarf-with-dsym";
				ENABLE_NS_ASSERTIONS = NO;
				ENABLE_STRICT_OBJC_MSGSEND = YES;
				FRAMEWORK_SEARCH_PATHS = "$(SRCROOT)/../ThirdParty";
				GCC_C_LANGUAGE_STANDARD = gnu99;
				GCC_NO_COMMON_BLOCKS = YES;
				GCC_WARN_64_TO_32_BIT_CONVERSION = YES;
				GCC_WARN_ABOUT_RETURN_TYPE = YES_ERROR;
				GCC_WARN_UNDECLARED_SELECTOR = YES;
				GCC_WARN_UNINITIALIZED_AUTOS = YES_AGGRESSIVE;
				GCC_WARN_UNUSED_FUNCTION = YES;
				GCC_WARN_UNUSED_VARIABLE = YES;
				IPHONEOS_DEPLOYMENT_TARGET = 10.0;
				MTL_ENABLE_DEBUG_INFO = NO;
				SDKROOT = iphoneos;
				SWIFT_OPTIMIZATION_LEVEL = "-Owholemodule";
				TARGETED_DEVICE_FAMILY = "1,2";
				VALIDATE_PRODUCT = YES;
				VERSIONING_SYSTEM = "apple-generic";
				VERSION_INFO_PREFIX = "";
			};
			name = Release;
		};
		B907089E1CB0A8A100DF47BD /* Debug */ = {
			isa = XCBuildConfiguration;
			buildSettings = {
				ALWAYS_EMBED_SWIFT_STANDARD_LIBRARIES = YES;
				CLANG_ENABLE_MODULES = YES;
				"CODE_SIGN_IDENTITY[sdk=iphoneos*]" = "";
				DEFINES_MODULE = YES;
				DYLIB_COMPATIBILITY_VERSION = 1;
				DYLIB_CURRENT_VERSION = 1;
				DYLIB_INSTALL_NAME_BASE = "@rpath";
				INFOPLIST_FILE = PepperDogFetch/Info.plist;
				INSTALL_PATH = "$(LOCAL_LIBRARY_DIR)/Frameworks";
				LD_RUNPATH_SEARCH_PATHS = "$(inherited) @executable_path/Frameworks @loader_path/Frameworks";
				PRODUCT_BUNDLE_IDENTIFIER = "com.pepperdog-enteprises.PepperDogFetch";
				PRODUCT_NAME = "$(TARGET_NAME)";
				SKIP_INSTALL = YES;
				SWIFT_OPTIMIZATION_LEVEL = "-Onone";
				SWIFT_SWIFT3_OBJC_INFERENCE = Default;
				SWIFT_VERSION = 4.0;
			};
			name = Debug;
		};
		B907089F1CB0A8A100DF47BD /* Release */ = {
			isa = XCBuildConfiguration;
			buildSettings = {
				ALWAYS_EMBED_SWIFT_STANDARD_LIBRARIES = YES;
				CLANG_ENABLE_MODULES = YES;
				"CODE_SIGN_IDENTITY[sdk=iphoneos*]" = "";
				DEFINES_MODULE = YES;
				DYLIB_COMPATIBILITY_VERSION = 1;
				DYLIB_CURRENT_VERSION = 1;
				DYLIB_INSTALL_NAME_BASE = "@rpath";
				INFOPLIST_FILE = PepperDogFetch/Info.plist;
				INSTALL_PATH = "$(LOCAL_LIBRARY_DIR)/Frameworks";
				LD_RUNPATH_SEARCH_PATHS = "$(inherited) @executable_path/Frameworks @loader_path/Frameworks";
				PRODUCT_BUNDLE_IDENTIFIER = "com.pepperdog-enteprises.PepperDogFetch";
				PRODUCT_NAME = "$(TARGET_NAME)";
				SKIP_INSTALL = YES;
				SWIFT_SWIFT3_OBJC_INFERENCE = Default;
				SWIFT_VERSION = 4.0;
			};
			name = Release;
		};
		B90708A11CB0A8A100DF47BD /* Debug */ = {
			isa = XCBuildConfiguration;
			buildSettings = {
				INFOPLIST_FILE = PepperDogFetchTests/Info.plist;
				LD_RUNPATH_SEARCH_PATHS = "$(inherited) @executable_path/Frameworks @loader_path/Frameworks";
				PRODUCT_BUNDLE_IDENTIFIER = "com.pepperdog-enteprises.PepperDogFetchTests";
				PRODUCT_NAME = "$(TARGET_NAME)";
				SWIFT_SWIFT3_OBJC_INFERENCE = Default;
				SWIFT_VERSION = 4.0;
			};
			name = Debug;
		};
		B90708A21CB0A8A100DF47BD /* Release */ = {
			isa = XCBuildConfiguration;
			buildSettings = {
				INFOPLIST_FILE = PepperDogFetchTests/Info.plist;
				LD_RUNPATH_SEARCH_PATHS = "$(inherited) @executable_path/Frameworks @loader_path/Frameworks";
				PRODUCT_BUNDLE_IDENTIFIER = "com.pepperdog-enteprises.PepperDogFetchTests";
				PRODUCT_NAME = "$(TARGET_NAME)";
				SWIFT_SWIFT3_OBJC_INFERENCE = Default;
				SWIFT_VERSION = 4.0;
			};
			name = Release;
		};
/* End XCBuildConfiguration section */

/* Begin XCConfigurationList section */
		B90708831CB0A8A100DF47BD /* Build configuration list for PBXProject "PepperDogFetch" */ = {
			isa = XCConfigurationList;
			buildConfigurations = (
				B907089B1CB0A8A100DF47BD /* Debug */,
				B907089C1CB0A8A100DF47BD /* Release */,
			);
			defaultConfigurationIsVisible = 0;
			defaultConfigurationName = Release;
		};
		B907089D1CB0A8A100DF47BD /* Build configuration list for PBXNativeTarget "PepperDogFetch" */ = {
			isa = XCConfigurationList;
			buildConfigurations = (
				B907089E1CB0A8A100DF47BD /* Debug */,
				B907089F1CB0A8A100DF47BD /* Release */,
			);
			defaultConfigurationIsVisible = 0;
			defaultConfigurationName = Release;
		};
		B90708A01CB0A8A100DF47BD /* Build configuration list for PBXNativeTarget "PepperDogFetchTests" */ = {
			isa = XCConfigurationList;
			buildConfigurations = (
				B90708A11CB0A8A100DF47BD /* Debug */,
				B90708A21CB0A8A100DF47BD /* Release */,
			);
			defaultConfigurationIsVisible = 0;
			defaultConfigurationName = Release;
		};
/* End XCConfigurationList section */
	};
	rootObject = B90708801CB0A8A100DF47BD /* Project object */;
}
